
Microsoft Visual Studio Solution File, Format Version 12.00
# Visual Studio 15
VisualStudioVersion = 15.0.28307.136
MinimumVisualStudioVersion = 10.0.40219.1
Project("{FAE04EC0-301F-11D3-BF4B-00C04F79EFBC}") = "StudentDailyReport", "StudentDailyReport\StudentDailyReport.csproj", "{4991A0FD-EB50-49DB-B3DE-FD094A5B065A}"
EndProject
Global
	GlobalSection(SolutionConfigurationPlatforms) = preSolution
		Debug|Any CPU = Debug|Any CPU
		Release|Any CPU = Release|Any CPU
	EndGlobalSection
	GlobalSection(ProjectConfigurationPlatforms) = postSolution
		{4991A0FD-EB50-49DB-B3DE-FD094A5B065A}.Debug|Any CPU.ActiveCfg = Debug|Any CPU
		{4991A0FD-EB50-49DB-B3DE-FD094A5B065A}.Debug|Any CPU.Build.0 = Debug|Any CPU
		{4991A0FD-EB50-49DB-B3DE-FD094A5B065A}.Release|Any CPU.ActiveCfg = Release|Any CPU
		{4991A0FD-EB50-49DB-B3DE-FD094A5B065A}.Release|Any CPU.Build.0 = Release|Any CPU
	EndGlobalSection
	GlobalSection(SolutionProperties) = preSolution
		HideSolutionNode = FALSE
	EndGlobalSection
	GlobalSection(ExtensibilityGlobals) = postSolution
		SolutionGuid = {BD6104CC-5A3F-4025-9467-39B9DE76A3D7}
	EndGlobalSection
EndGlobal
