
Microsoft Visual Studio Solution File, Format Version 12.00
# Visual Studio 15
VisualStudioVersion = 15.0.28307.136
MinimumVisualStudioVersion = 10.0.40219.1
Project("{FAE04EC0-301F-11D3-BF4B-00C04F79EFBC}") = "Abstract124", "Abstract124\Abstract124.csproj", "{736A9FCA-DD60-4B6D-9057-2F758347E695}"
EndProject
Global
	GlobalSection(SolutionConfigurationPlatforms) = preSolution
		Debug|Any CPU = Debug|Any CPU
		Release|Any CPU = Release|Any CPU
	EndGlobalSection
	GlobalSection(ProjectConfigurationPlatforms) = postSolution
		{736A9FCA-DD60-4B6D-9057-2F758347E695}.Debug|Any CPU.ActiveCfg = Debug|Any CPU
		{736A9FCA-DD60-4B6D-9057-2F758347E695}.Debug|Any CPU.Build.0 = Debug|Any CPU
		{736A9FCA-DD60-4B6D-9057-2F758347E695}.Release|Any CPU.ActiveCfg = Release|Any CPU
		{736A9FCA-DD60-4B6D-9057-2F758347E695}.Release|Any CPU.Build.0 = Release|Any CPU
	EndGlobalSection
	GlobalSection(SolutionProperties) = preSolution
		HideSolutionNode = FALSE
	EndGlobalSection
	GlobalSection(ExtensibilityGlobals) = postSolution
		SolutionGuid = {33155FD3-1710-4616-A884-E6144159BB62}
	EndGlobalSection
EndGlobal
