
Microsoft Visual Studio Solution File, Format Version 12.00
# Visual Studio 15
VisualStudioVersion = 15.0.28307.136
MinimumVisualStudioVersion = 10.0.40219.1
Project("{FAE04EC0-301F-11D3-BF4B-00C04F79EFBC}") = "ExceptionHandling165", "ExceptionHandling165\ExceptionHandling165.csproj", "{207610AA-2828-4F9D-A706-31404C52C2BA}"
EndProject
Global
	GlobalSection(SolutionConfigurationPlatforms) = preSolution
		Debug|Any CPU = Debug|Any CPU
		Release|Any CPU = Release|Any CPU
	EndGlobalSection
	GlobalSection(ProjectConfigurationPlatforms) = postSolution
		{207610AA-2828-4F9D-A706-31404C52C2BA}.Debug|Any CPU.ActiveCfg = Debug|Any CPU
		{207610AA-2828-4F9D-A706-31404C52C2BA}.Debug|Any CPU.Build.0 = Debug|Any CPU
		{207610AA-2828-4F9D-A706-31404C52C2BA}.Release|Any CPU.ActiveCfg = Release|Any CPU
		{207610AA-2828-4F9D-A706-31404C52C2BA}.Release|Any CPU.Build.0 = Release|Any CPU
	EndGlobalSection
	GlobalSection(SolutionProperties) = preSolution
		HideSolutionNode = FALSE
	EndGlobalSection
	GlobalSection(ExtensibilityGlobals) = postSolution
		SolutionGuid = {50D24A4A-3103-4074-8FA1-3181712A04F4}
	EndGlobalSection
EndGlobal
