
Microsoft Visual Studio Solution File, Format Version 12.00
# Visual Studio 15
VisualStudioVersion = 15.0.28307.136
MinimumVisualStudioVersion = 10.0.40219.1
Project("{FAE04EC0-301F-11D3-BF4B-00C04F79EFBC}") = "ClassMethods117", "ClassMethods117\ClassMethods117.csproj", "{3433A2C5-7A5D-45A0-83EE-F97156A63857}"
EndProject
Global
	GlobalSection(SolutionConfigurationPlatforms) = preSolution
		Debug|Any CPU = Debug|Any CPU
		Release|Any CPU = Release|Any CPU
	EndGlobalSection
	GlobalSection(ProjectConfigurationPlatforms) = postSolution
		{3433A2C5-7A5D-45A0-83EE-F97156A63857}.Debug|Any CPU.ActiveCfg = Debug|Any CPU
		{3433A2C5-7A5D-45A0-83EE-F97156A63857}.Debug|Any CPU.Build.0 = Debug|Any CPU
		{3433A2C5-7A5D-45A0-83EE-F97156A63857}.Release|Any CPU.ActiveCfg = Release|Any CPU
		{3433A2C5-7A5D-45A0-83EE-F97156A63857}.Release|Any CPU.Build.0 = Release|Any CPU
	EndGlobalSection
	GlobalSection(SolutionProperties) = preSolution
		HideSolutionNode = FALSE
	EndGlobalSection
	GlobalSection(ExtensibilityGlobals) = postSolution
		SolutionGuid = {AB32FC2C-8C08-4A41-9238-446723B17CA7}
	EndGlobalSection
EndGlobal
