
Microsoft Visual Studio Solution File, Format Version 12.00
# Visual Studio 15
VisualStudioVersion = 15.0.28307.136
MinimumVisualStudioVersion = 10.0.40219.1
Project("{FAE04EC0-301F-11D3-BF4B-00C04F79EFBC}") = "LamdaExpressions140", "LamdaExpressions140\LamdaExpressions140.csproj", "{7D99EB01-AD10-4000-AED5-4CAE4BF59C72}"
EndProject
Global
	GlobalSection(SolutionConfigurationPlatforms) = preSolution
		Debug|Any CPU = Debug|Any CPU
		Release|Any CPU = Release|Any CPU
	EndGlobalSection
	GlobalSection(ProjectConfigurationPlatforms) = postSolution
		{7D99EB01-AD10-4000-AED5-4CAE4BF59C72}.Debug|Any CPU.ActiveCfg = Debug|Any CPU
		{7D99EB01-AD10-4000-AED5-4CAE4BF59C72}.Debug|Any CPU.Build.0 = Debug|Any CPU
		{7D99EB01-AD10-4000-AED5-4CAE4BF59C72}.Release|Any CPU.ActiveCfg = Release|Any CPU
		{7D99EB01-AD10-4000-AED5-4CAE4BF59C72}.Release|Any CPU.Build.0 = Release|Any CPU
	EndGlobalSection
	GlobalSection(SolutionProperties) = preSolution
		HideSolutionNode = FALSE
	EndGlobalSection
	GlobalSection(ExtensibilityGlobals) = postSolution
		SolutionGuid = {4F47043F-6F3B-4207-989C-ADC286384639}
	EndGlobalSection
EndGlobal
